
Microsoft Visual Studio Solution File, Format Version 12.00
# Visual Studio Version 16
VisualStudioVersion = 16.0.29509.3
MinimumVisualStudioVersion = 10.0.40219.1
Project("{FAE04EC0-301F-11D3-BF4B-00C04F79EFBC}") = "vezba10", "vezba10.csproj", "{6AEA51E2-C20D-42B6-ABA5-5D2626B4391A}"
EndProject
Global
	GlobalSection(SolutionConfigurationPlatforms) = preSolution
		Debug|Any CPU = Debug|Any CPU
		Release|Any CPU = Release|Any CPU
	EndGlobalSection
	GlobalSection(ProjectConfigurationPlatforms) = postSolution
		{6AEA51E2-C20D-42B6-ABA5-5D2626B4391A}.Debug|Any CPU.ActiveCfg = Debug|Any CPU
		{6AEA51E2-C20D-42B6-ABA5-5D2626B4391A}.Debug|Any CPU.Build.0 = Debug|Any CPU
		{6AEA51E2-C20D-42B6-ABA5-5D2626B4391A}.Release|Any CPU.ActiveCfg = Release|Any CPU
		{6AEA51E2-C20D-42B6-ABA5-5D2626B4391A}.Release|Any CPU.Build.0 = Release|Any CPU
	EndGlobalSection
	GlobalSection(SolutionProperties) = preSolution
		HideSolutionNode = FALSE
	EndGlobalSection
	GlobalSection(ExtensibilityGlobals) = postSolution
		SolutionGuid = {D8C50AFD-BFD2-4EEB-880C-5A368AC34B87}
	EndGlobalSection
EndGlobal
