<Solution>
  <Project Path="../vezba10/vezba10/ZADATAK_34.csproj" />
  <Project Path="../zadatak_29/zadatak_29.csproj" />
  <Project Path="../ZADATAK_30/ZADATAK_30.csproj" />
  <Project Path="../ZADATAK_31/ZADATAK_31.csproj" />
  <Project Path="../ZADATAK_32/ZADATAK_32.csproj" />
  <Project Path="../ZADATAK_33/ZADATAK_33.csproj" />
  <Project Path="ZADATAK_28/ZADATAK_28.csproj" />
</Solution>
